
Microsoft Visual Studio Solution File, Format Version 12.00
# Visual Studio 2013
VisualStudioVersion = 12.0.30501.0
MinimumVisualStudioVersion = 10.0.40219.1
Project("{FAE04EC0-301F-11D3-BF4B-00C04F79EFBC}") = "Salaries", "Salaries\Salaries.csproj", "{EB7058B9-F1CF-44BD-A317-0345F87AC8F3}"
EndProject
Project("{FAE04EC0-301F-11D3-BF4B-00C04F79EFBC}") = "FriendsOfPesho", "FriendsOfPesho\FriendsOfPesho.csproj", "{7E90F586-7104-4C52-A884-C04A159BE541}"
EndProject
Project("{FAE04EC0-301F-11D3-BF4B-00C04F79EFBC}") = "02.TvCompany", "02.TvCompany\02.TvCompany.csproj", "{0DC40A2B-934E-4884-A464-94EFA68A4526}"
EndProject
Global
	GlobalSection(SolutionConfigurationPlatforms) = preSolution
		Debug|Any CPU = Debug|Any CPU
		Release|Any CPU = Release|Any CPU
	EndGlobalSection
	GlobalSection(ProjectConfigurationPlatforms) = postSolution
		{EB7058B9-F1CF-44BD-A317-0345F87AC8F3}.Debug|Any CPU.ActiveCfg = Debug|Any CPU
		{EB7058B9-F1CF-44BD-A317-0345F87AC8F3}.Debug|Any CPU.Build.0 = Debug|Any CPU
		{EB7058B9-F1CF-44BD-A317-0345F87AC8F3}.Release|Any CPU.ActiveCfg = Release|Any CPU
		{EB7058B9-F1CF-44BD-A317-0345F87AC8F3}.Release|Any CPU.Build.0 = Release|Any CPU
		{7E90F586-7104-4C52-A884-C04A159BE541}.Debug|Any CPU.ActiveCfg = Debug|Any CPU
		{7E90F586-7104-4C52-A884-C04A159BE541}.Debug|Any CPU.Build.0 = Debug|Any CPU
		{7E90F586-7104-4C52-A884-C04A159BE541}.Release|Any CPU.ActiveCfg = Release|Any CPU
		{7E90F586-7104-4C52-A884-C04A159BE541}.Release|Any CPU.Build.0 = Release|Any CPU
		{0DC40A2B-934E-4884-A464-94EFA68A4526}.Debug|Any CPU.ActiveCfg = Debug|Any CPU
		{0DC40A2B-934E-4884-A464-94EFA68A4526}.Debug|Any CPU.Build.0 = Debug|Any CPU
		{0DC40A2B-934E-4884-A464-94EFA68A4526}.Release|Any CPU.ActiveCfg = Release|Any CPU
		{0DC40A2B-934E-4884-A464-94EFA68A4526}.Release|Any CPU.Build.0 = Release|Any CPU
	EndGlobalSection
	GlobalSection(SolutionProperties) = preSolution
		HideSolutionNode = FALSE
	EndGlobalSection
EndGlobal
