
Microsoft Visual Studio Solution File, Format Version 12.00
# Visual Studio 2013
VisualStudioVersion = 12.0.21005.1
MinimumVisualStudioVersion = 10.0.40219.1
Project("{FAE04EC0-301F-11D3-BF4B-00C04F79EFBC}") = "Exercise01", "Exercise01\Exercise01.csproj", "{7991BDBA-F64A-4455-BC18-855B9E976CF5}"
EndProject
Project("{FAE04EC0-301F-11D3-BF4B-00C04F79EFBC}") = "Exercise02", "Exercise02\Exercise02.csproj", "{76CBE1E5-0601-4CA1-9F27-92E5C62F2B4B}"
EndProject
Project("{FAE04EC0-301F-11D3-BF4B-00C04F79EFBC}") = "Exercise03", "Exercise03\Exercise03.csproj", "{3B92AA49-61E1-449D-BBF8-31987044FB09}"
EndProject
Global
	GlobalSection(SolutionConfigurationPlatforms) = preSolution
		Debug|Any CPU = Debug|Any CPU
		Release|Any CPU = Release|Any CPU
	EndGlobalSection
	GlobalSection(ProjectConfigurationPlatforms) = postSolution
		{7991BDBA-F64A-4455-BC18-855B9E976CF5}.Debug|Any CPU.ActiveCfg = Debug|Any CPU
		{7991BDBA-F64A-4455-BC18-855B9E976CF5}.Debug|Any CPU.Build.0 = Debug|Any CPU
		{7991BDBA-F64A-4455-BC18-855B9E976CF5}.Release|Any CPU.ActiveCfg = Release|Any CPU
		{7991BDBA-F64A-4455-BC18-855B9E976CF5}.Release|Any CPU.Build.0 = Release|Any CPU
		{76CBE1E5-0601-4CA1-9F27-92E5C62F2B4B}.Debug|Any CPU.ActiveCfg = Debug|Any CPU
		{76CBE1E5-0601-4CA1-9F27-92E5C62F2B4B}.Debug|Any CPU.Build.0 = Debug|Any CPU
		{76CBE1E5-0601-4CA1-9F27-92E5C62F2B4B}.Release|Any CPU.ActiveCfg = Release|Any CPU
		{76CBE1E5-0601-4CA1-9F27-92E5C62F2B4B}.Release|Any CPU.Build.0 = Release|Any CPU
		{3B92AA49-61E1-449D-BBF8-31987044FB09}.Debug|Any CPU.ActiveCfg = Debug|Any CPU
		{3B92AA49-61E1-449D-BBF8-31987044FB09}.Debug|Any CPU.Build.0 = Debug|Any CPU
		{3B92AA49-61E1-449D-BBF8-31987044FB09}.Release|Any CPU.ActiveCfg = Release|Any CPU
		{3B92AA49-61E1-449D-BBF8-31987044FB09}.Release|Any CPU.Build.0 = Release|Any CPU
	EndGlobalSection
	GlobalSection(SolutionProperties) = preSolution
		HideSolutionNode = FALSE
	EndGlobalSection
EndGlobal
