
Microsoft Visual Studio Solution File, Format Version 12.00
# Visual Studio 2013
VisualStudioVersion = 12.0.21005.1
MinimumVisualStudioVersion = 10.0.40219.1
Project("{FAE04EC0-301F-11D3-BF4B-00C04F79EFBC}") = "Exercise01", "Exercise01\Exercise01.csproj", "{83F8356B-190E-4124-8D3A-C619F1CA7B5B}"
EndProject
Project("{FAE04EC0-301F-11D3-BF4B-00C04F79EFBC}") = "Exercise02", "Exercise02\Exercise02.csproj", "{9229E931-3E5B-43D4-BEEA-B615EC0A9017}"
EndProject
Global
	GlobalSection(SolutionConfigurationPlatforms) = preSolution
		Debug|Any CPU = Debug|Any CPU
		Release|Any CPU = Release|Any CPU
	EndGlobalSection
	GlobalSection(ProjectConfigurationPlatforms) = postSolution
		{83F8356B-190E-4124-8D3A-C619F1CA7B5B}.Debug|Any CPU.ActiveCfg = Debug|Any CPU
		{83F8356B-190E-4124-8D3A-C619F1CA7B5B}.Debug|Any CPU.Build.0 = Debug|Any CPU
		{83F8356B-190E-4124-8D3A-C619F1CA7B5B}.Release|Any CPU.ActiveCfg = Release|Any CPU
		{83F8356B-190E-4124-8D3A-C619F1CA7B5B}.Release|Any CPU.Build.0 = Release|Any CPU
		{9229E931-3E5B-43D4-BEEA-B615EC0A9017}.Debug|Any CPU.ActiveCfg = Debug|Any CPU
		{9229E931-3E5B-43D4-BEEA-B615EC0A9017}.Debug|Any CPU.Build.0 = Debug|Any CPU
		{9229E931-3E5B-43D4-BEEA-B615EC0A9017}.Release|Any CPU.ActiveCfg = Release|Any CPU
		{9229E931-3E5B-43D4-BEEA-B615EC0A9017}.Release|Any CPU.Build.0 = Release|Any CPU
	EndGlobalSection
	GlobalSection(SolutionProperties) = preSolution
		HideSolutionNode = FALSE
	EndGlobalSection
EndGlobal
